
Microsoft Visual Studio Solution File, Format Version 12.00
# Visual Studio Version 17
VisualStudioVersion = 17.9.34723.18
MinimumVisualStudioVersion = 10.0.40219.1
Project("{FAE04EC0-301F-11D3-BF4B-00C04F79EFBC}") = "WpfApp14", "WpfApp14.csproj", "{DAACD878-6B0A-4E4A-B23C-2BA906F45B9A}"
EndProject
Global
	GlobalSection(SolutionConfigurationPlatforms) = preSolution
		Debug|Any CPU = Debug|Any CPU
		Release|Any CPU = Release|Any CPU
	EndGlobalSection
	GlobalSection(ProjectConfigurationPlatforms) = postSolution
		{DAACD878-6B0A-4E4A-B23C-2BA906F45B9A}.Debug|Any CPU.ActiveCfg = Debug|Any CPU
		{DAACD878-6B0A-4E4A-B23C-2BA906F45B9A}.Debug|Any CPU.Build.0 = Debug|Any CPU
		{DAACD878-6B0A-4E4A-B23C-2BA906F45B9A}.Release|Any CPU.ActiveCfg = Release|Any CPU
		{DAACD878-6B0A-4E4A-B23C-2BA906F45B9A}.Release|Any CPU.Build.0 = Release|Any CPU
	EndGlobalSection
	GlobalSection(SolutionProperties) = preSolution
		HideSolutionNode = FALSE
	EndGlobalSection
	GlobalSection(ExtensibilityGlobals) = postSolution
		SolutionGuid = {658C4CFC-5317-493A-BB3A-C8C2638DBCFC}
	EndGlobalSection
EndGlobal
